
Microsoft Visual Studio Solution File, Format Version 12.00
# Visual Studio Version 16
VisualStudioVersion = 16.0.31911.196
MinimumVisualStudioVersion = 10.0.40219.1
Project("{9A19103F-16F7-4668-BE54-9A1E7A4F7556}") = "QuanLyTangThuHoKhau", "QuanLyTangThuHoKhau.csproj", "{1971FFEE-A3A4-48F5-B9B9-10FB1DDE408B}"
EndProject
Project("{FAE04EC0-301F-11D3-BF4B-00C04F79EFBC}") = "QuanLyTangThuHoKhau.Core", "..\QuanLyTangThuHoKhau.Core\QuanLyTangThuHoKhau.Core.csproj", "{F16B536D-5AF0-41E2-8E1F-E724D2C89C88}"
EndProject
Project("{2150E333-8FDC-42A3-9474-1A3956D46DE8}") = "Components", "Components", "{BBB1732A-5E04-4F07-ADBA-7EBB6B92AA74}"
EndProject
Project("{FAE04EC0-301F-11D3-BF4B-00C04F79EFBC}") = "QuanLyTangThuHoKhau.QuanLyThonXom", "..\Components\QuanLyTangThuHoKhau.QuanLyThonXom\QuanLyTangThuHoKhau.QuanLyThonXom.csproj", "{41DAFD0D-2950-44C0-9530-C9BF152627AA}"
EndProject
Project("{FAE04EC0-301F-11D3-BF4B-00C04F79EFBC}") = "QuanLyTangThuHoKhau.QuanLyTapHSCT", "..\Components\QuanLyTangThuHoKhau.QuanLyTapHSCT\QuanLyTangThuHoKhau.QuanLyTapHSCT.csproj", "{9081FC0B-AC8E-4406-A343-53EF669E09CA}"
EndProject
Global
	GlobalSection(SolutionConfigurationPlatforms) = preSolution
		Debug|Any CPU = Debug|Any CPU
		Release|Any CPU = Release|Any CPU
	EndGlobalSection
	GlobalSection(ProjectConfigurationPlatforms) = postSolution
		{1971FFEE-A3A4-48F5-B9B9-10FB1DDE408B}.Debug|Any CPU.ActiveCfg = Debug|Any CPU
		{1971FFEE-A3A4-48F5-B9B9-10FB1DDE408B}.Debug|Any CPU.Build.0 = Debug|Any CPU
		{1971FFEE-A3A4-48F5-B9B9-10FB1DDE408B}.Release|Any CPU.ActiveCfg = Release|Any CPU
		{1971FFEE-A3A4-48F5-B9B9-10FB1DDE408B}.Release|Any CPU.Build.0 = Release|Any CPU
		{F16B536D-5AF0-41E2-8E1F-E724D2C89C88}.Debug|Any CPU.ActiveCfg = Debug|Any CPU
		{F16B536D-5AF0-41E2-8E1F-E724D2C89C88}.Debug|Any CPU.Build.0 = Debug|Any CPU
		{F16B536D-5AF0-41E2-8E1F-E724D2C89C88}.Release|Any CPU.ActiveCfg = Release|Any CPU
		{F16B536D-5AF0-41E2-8E1F-E724D2C89C88}.Release|Any CPU.Build.0 = Release|Any CPU
		{41DAFD0D-2950-44C0-9530-C9BF152627AA}.Debug|Any CPU.ActiveCfg = Debug|Any CPU
		{41DAFD0D-2950-44C0-9530-C9BF152627AA}.Debug|Any CPU.Build.0 = Debug|Any CPU
		{41DAFD0D-2950-44C0-9530-C9BF152627AA}.Release|Any CPU.ActiveCfg = Release|Any CPU
		{41DAFD0D-2950-44C0-9530-C9BF152627AA}.Release|Any CPU.Build.0 = Release|Any CPU
		{9081FC0B-AC8E-4406-A343-53EF669E09CA}.Debug|Any CPU.ActiveCfg = Debug|Any CPU
		{9081FC0B-AC8E-4406-A343-53EF669E09CA}.Debug|Any CPU.Build.0 = Debug|Any CPU
		{9081FC0B-AC8E-4406-A343-53EF669E09CA}.Release|Any CPU.ActiveCfg = Release|Any CPU
		{9081FC0B-AC8E-4406-A343-53EF669E09CA}.Release|Any CPU.Build.0 = Release|Any CPU
	EndGlobalSection
	GlobalSection(SolutionProperties) = preSolution
		HideSolutionNode = FALSE
	EndGlobalSection
	GlobalSection(NestedProjects) = preSolution
		{41DAFD0D-2950-44C0-9530-C9BF152627AA} = {BBB1732A-5E04-4F07-ADBA-7EBB6B92AA74}
		{9081FC0B-AC8E-4406-A343-53EF669E09CA} = {BBB1732A-5E04-4F07-ADBA-7EBB6B92AA74}
	EndGlobalSection
	GlobalSection(ExtensibilityGlobals) = postSolution
		SolutionGuid = {5F233EE2-197D-4423-9098-C67C04391BAE}
	EndGlobalSection
EndGlobal
